
Microsoft Visual Studio Solution File, Format Version 12.00
# Visual Studio 15
VisualStudioVersion = 15.0.26730.12
MinimumVisualStudioVersion = 10.0.40219.1
Project("{8BC9CEB8-8B4A-11D0-8D11-00A0C91BC942}") = "0402_Lab", "0402_Lab\0402_Lab.vcxproj", "{3ED27C68-4EAF-432D-8EA9-A7401E9F02A2}"
EndProject
Global
	GlobalSection(SolutionConfigurationPlatforms) = preSolution
		Debug|x64 = Debug|x64
		Debug|x86 = Debug|x86
		Release|x64 = Release|x64
		Release|x86 = Release|x86
	EndGlobalSection
	GlobalSection(ProjectConfigurationPlatforms) = postSolution
		{3ED27C68-4EAF-432D-8EA9-A7401E9F02A2}.Debug|x64.ActiveCfg = Debug|x64
		{3ED27C68-4EAF-432D-8EA9-A7401E9F02A2}.Debug|x64.Build.0 = Debug|x64
		{3ED27C68-4EAF-432D-8EA9-A7401E9F02A2}.Debug|x86.ActiveCfg = Debug|Win32
		{3ED27C68-4EAF-432D-8EA9-A7401E9F02A2}.Debug|x86.Build.0 = Debug|Win32
		{3ED27C68-4EAF-432D-8EA9-A7401E9F02A2}.Release|x64.ActiveCfg = Release|x64
		{3ED27C68-4EAF-432D-8EA9-A7401E9F02A2}.Release|x64.Build.0 = Release|x64
		{3ED27C68-4EAF-432D-8EA9-A7401E9F02A2}.Release|x86.ActiveCfg = Release|Win32
		{3ED27C68-4EAF-432D-8EA9-A7401E9F02A2}.Release|x86.Build.0 = Release|Win32
	EndGlobalSection
	GlobalSection(SolutionProperties) = preSolution
		HideSolutionNode = FALSE
	EndGlobalSection
	GlobalSection(ExtensibilityGlobals) = postSolution
		SolutionGuid = {7A0BD319-DAF6-47D3-9694-91873179D02C}
	EndGlobalSection
EndGlobal
