
Microsoft Visual Studio Solution File, Format Version 12.00
# Visual Studio 15
VisualStudioVersion = 15.0.26730.12
MinimumVisualStudioVersion = 10.0.40219.1
Project("{8BC9CEB8-8B4A-11D0-8D11-00A0C91BC942}") = "Project2", "Project2\Project2.vcxproj", "{C5440300-45E8-4D17-AB9C-95A85D0A447C}"
EndProject
Global
	GlobalSection(SolutionConfigurationPlatforms) = preSolution
		Debug|x64 = Debug|x64
		Debug|x86 = Debug|x86
		Release|x64 = Release|x64
		Release|x86 = Release|x86
	EndGlobalSection
	GlobalSection(ProjectConfigurationPlatforms) = postSolution
		{C5440300-45E8-4D17-AB9C-95A85D0A447C}.Debug|x64.ActiveCfg = Debug|x64
		{C5440300-45E8-4D17-AB9C-95A85D0A447C}.Debug|x64.Build.0 = Debug|x64
		{C5440300-45E8-4D17-AB9C-95A85D0A447C}.Debug|x86.ActiveCfg = Debug|Win32
		{C5440300-45E8-4D17-AB9C-95A85D0A447C}.Debug|x86.Build.0 = Debug|Win32
		{C5440300-45E8-4D17-AB9C-95A85D0A447C}.Release|x64.ActiveCfg = Release|x64
		{C5440300-45E8-4D17-AB9C-95A85D0A447C}.Release|x64.Build.0 = Release|x64
		{C5440300-45E8-4D17-AB9C-95A85D0A447C}.Release|x86.ActiveCfg = Release|Win32
		{C5440300-45E8-4D17-AB9C-95A85D0A447C}.Release|x86.Build.0 = Release|Win32
	EndGlobalSection
	GlobalSection(SolutionProperties) = preSolution
		HideSolutionNode = FALSE
	EndGlobalSection
	GlobalSection(ExtensibilityGlobals) = postSolution
		SolutionGuid = {203B2999-22EF-470B-A023-5FC5FF8B0D02}
	EndGlobalSection
EndGlobal
